// !$*UTF8*$!
{
	archiveVersion = 1;
	classes = {
	};
	objectVersion = 46;
	objects = {

/* Begin PBXBuildFile section */
		3B697BED1F53B509007B789E /* main.m in Sources */ = {isa = PBXBuildFile; fileRef = 3B697BEC1F53B509007B789E /* main.m */; };
		3B697BF01F53B509007B789E /* AppDelegate.m in Sources */ = {isa = PBXBuildFile; fileRef = 3B697BEF1F53B509007B789E /* AppDelegate.m */; };
		3B697BF31F53B509007B789E /* ViewController.m in Sources */ = {isa = PBXBuildFile; fileRef = 3B697BF21F53B509007B789E /* ViewController.m */; };
		3B697BF61F53B509007B789E /* Main.storyboard in Resources */ = {isa = PBXBuildFile; fileRef = 3B697BF41F53B509007B789E /* Main.storyboard */; };
		3B697BF81F53B509007B789E /* Assets.xcassets in Resources */ = {isa = PBXBuildFile; fileRef = 3B697BF71F53B509007B789E /* Assets.xcassets */; };
		3B697BFB1F53B509007B789E /* LaunchScreen.storyboard in Resources */ = {isa = PBXBuildFile; fileRef = 3B697BF91F53B509007B789E /* LaunchScreen.storyboard */; };
/* End PBXBuildFile section */

/* Begin PBXFileReference section */
		3B697BE81F53B509007B789E /* GitTest.app */ = {isa = PBXFileReference; explicitFileType = wrapper.application; includeInIndex = 0; path = GitTest.app; sourceTree = BUILT_PRODUCTS_DIR; };
		3B697BEC1F53B509007B789E /* main.m */ = {isa = PBXFileReference; lastKnownFileType = sourcecode.c.objc; path = main.m; sourceTree = "<group>"; };
		3B697BEE1F53B509007B789E /* AppDelegate.h */ = {isa = PBXFileReference; lastKnownFileType = sourcecode.c.h; path = AppDelegate.h; sourceTree = "<group>"; };
		3B697BEF1F53B509007B789E /* AppDelegate.m */ = {isa = PBXFileReference; lastKnownFileType = sourcecode.c.objc; path = AppDelegate.m; sourceTree = "<group>"; };
		3B697BF11F53B509007B789E /* ViewController.h */ = {isa = PBXFileReference; lastKnownFileType = sourcecode.c.h; path = ViewController.h; sourceTree = "<group>"; };
		3B697BF21F53B509007B789E /* ViewController.m */ = {isa = PBXFileReference; lastKnownFileType = sourcecode.c.objc; path = ViewController.m; sourceTree = "<group>"; };
		3B697BF51F53B509007B789E /* Base */ = {isa = PBXFileReference; lastKnownFileType = file.storyboard; name = Base; path = Base.lproj/Main.storyboard; sourceTree = "<group>"; };
		3B697BF71F53B509007B789E /* Assets.xcassets */ = {isa = PBXFileReference; lastKnownFileType = folder.assetcatalog; path = Assets.xcassets; sourceTree = "<group>"; };
		3B697BFA1F53B509007B789E /* Base */ = {isa = PBXFileReference; lastKnownFileType = file.storyboard; name = Base; path = Base.lproj/LaunchScreen.storyboard; sourceTree = "<group>"; };
		3B697BFC1F53B509007B789E /* Info.plist */ = {isa = PBXFileReference; lastKnownFileType = text.plist.xml; path = Info.plist; sourceTree = "<group>"; };
/* End PBXFileReference section */

/* Begin PBXFrameworksBuildPhase section */
		3B697BE51F53B509007B789E /* Frameworks */ = {
			isa = PBXFrameworksBuildPhase;
			buildActionMask = 2147483647;
			files = (
			);
			runOnlyForDeploymentPostprocessing = 0;
		};
/* End PBXFrameworksBuildPhase section */

/* Begin PBXGroup section */
		3B697BDF1F53B509007B789E = {
			isa = PBXGroup;
			children = (
				3B697BEA1F53B509007B789E /* GitTest */,
				3B697BE91F53B509007B789E /* Products */,
			);
			sourceTree = "<group>";
		};
		3B697BE91F53B509007B789E /* Products */ = {
			isa = PBXGroup;
			children = (
				3B697BE81F53B509007B789E /* GitTest.app */,
			);
			name = Products;
			sourceTree = "<group>";
		};
		3B697BEA1F53B509007B789E /* GitTest */ = {
			isa = PBXGroup;
			children = (
				3B697BEE1F53B509007B789E /* AppDelegate.h */,
				3B697BEF1F53B509007B789E /* AppDelegate.m */,
				3B697BF11F53B509007B789E /* ViewController.h */,
				3B697BF21F53B509007B789E /* ViewController.m */,
				3B697BF41F53B509007B789E /* Main.storyboard */,
				3B697BF71F53B509007B789E /* Assets.xcassets */,
				3B697BF91F53B509007B789E /* LaunchScreen.storyboard */,
				3B697BFC1F53B509007B789E /* Info.plist */,
				3B697BEB1F53B509007B789E /* Supporting Files */,
			);
			path = GitTest;
			sourceTree = "<group>";
		};
		3B697BEB1F53B509007B789E /* Supporting Files */ = {
			isa = PBXGroup;
			children = (
				3B697BEC1F53B509007B789E /* main.m */,
			);
			name = "Supporting Files";
			sourceTree = "<group>";
		};
/* End PBXGroup section */

/* Begin PBXNativeTarget section */
		3B697BE71F53B509007B789E /* GitTest */ = {
			isa = PBXNativeTarget;
			buildConfigurationList = 3B697BFF1F53B509007B789E /* Build configuration list for PBXNativeTarget "GitTest" */;
			buildPhases = (
				3B697BE41F53B509007B789E /* Sources */,
				3B697BE51F53B509007B789E /* Frameworks */,
				3B697BE61F53B509007B789E /* Resources */,
			);
			buildRules = (
			);
			dependencies = (
			);
			name = GitTest;
			productName = GitTest;
			productReference = 3B697BE81F53B509007B789E /* GitTest.app */;
			productType = "com.apple.product-type.application";
		};
/* End PBXNativeTarget section */

/* Begin PBXProject section */
		3B697BE01F53B509007B789E /* Project object */ = {
			isa = PBXProject;
			attributes = {
				LastUpgradeCheck = 0830;
				ORGANIZATIONNAME = shendong;
				TargetAttributes = {
					3B697BE71F53B509007B789E = {
						CreatedOnToolsVersion = 8.3.1;
						DevelopmentTeam = S8238R3HUC;
						ProvisioningStyle = Automatic;
					};
				};
			};
			buildConfigurationList = 3B697BE31F53B509007B789E /* Build configuration list for PBXProject "GitTest" */;
			compatibilityVersion = "Xcode 3.2";
			developmentRegion = English;
			hasScannedForEncodings = 0;
			knownRegions = (
				en,
				Base,
			);
			mainGroup = 3B697BDF1F53B509007B789E;
			productRefGroup = 3B697BE91F53B509007B789E /* Products */;
			projectDirPath = "";
			projectRoot = "";
			targets = (
				3B697BE71F53B509007B789E /* GitTest */,
			);
		};
/* End PBXProject section */

/* Begin PBXResourcesBuildPhase section */
		3B697BE61F53B509007B789E /* Resources */ = {
			isa = PBXResourcesBuildPhase;
			buildActionMask = 2147483647;
			files = (
				3B697BFB1F53B509007B789E /* LaunchScreen.storyboard in Resources */,
				3B697BF81F53B509007B789E /* Assets.xcassets in Resources */,
				3B697BF61F53B509007B789E /* Main.storyboard in Resources */,
			);
			runOnlyForDeploymentPostprocessing = 0;
		};
/* End PBXResourcesBuildPhase section */

/* Begin PBXSourcesBuildPhase section */
		3B697BE41F53B509007B789E /* Sources */ = {
			isa = PBXSourcesBuildPhase;
			buildActionMask = 2147483647;
			files = (
				3B697BF31F53B509007B789E /* ViewController.m in Sources */,
				3B697BF01F53B509007B789E /* AppDelegate.m in Sources */,
				3B697BED1F53B509007B789E /* main.m in Sources */,
			);
			runOnlyForDeploymentPostprocessing = 0;
		};
/* End PBXSourcesBuildPhase section */

/* Begin PBXVariantGroup section */
		3B697BF41F53B509007B789E /* Main.storyboard */ = {
			isa = PBXVariantGroup;
			children = (
				3B697BF51F53B509007B789E /* Base */,
			);
			name = Main.storyboard;
			sourceTree = "<group>";
		};
		3B697BF91F53B509007B789E /* LaunchScreen.storyboard */ = {
			isa = PBXVariantGroup;
			children = (
				3B697BFA1F53B509007B789E /* Base */,
			);
			name = LaunchScreen.storyboard;
			sourceTree = "<group>";
		};
/* End PBXVariantGroup section */

/* Begin XCBuildConfiguration section */
		3B697BFD1F53B509007B789E /* Debug */ = {
			isa = XCBuildConfiguration;
			buildSettings = {
				ALWAYS_SEARCH_USER_PATHS = NO;
				CLANG_ANALYZER_NONNULL = YES;
				CLANG_ANALYZER_NUMBER_OBJECT_CONVERSION = YES_AGGRESSIVE;
				CLANG_CXX_LANGUAGE_STANDARD = "gnu++0x";
				CLANG_CXX_LIBRARY = "libc++";
				CLANG_ENABLE_MODULES = YES;
				CLANG_ENABLE_OBJC_ARC = YES;
				CLANG_WARN_BOOL_CONVERSION = YES;
				CLANG_WARN_CONSTANT_CONVERSION = YES;
				CLANG_WARN_DIRECT_OBJC_ISA_USAGE = YES_ERROR;
				CLANG_WARN_DOCUMENTATION_COMMENTS = YES;
				CLANG_WARN_EMPTY_BODY = YES;
				CLANG_WARN_ENUM_CONVERSION = YES;
				CLANG_WARN_INFINITE_RECURSION = YES;
				CLANG_WARN_INT_CONVERSION = YES;
				CLANG_WARN_OBJC_ROOT_CLASS = YES_ERROR;
				CLANG_WARN_SUSPICIOUS_MOVE = YES;
				CLANG_WARN_UNREACHABLE_CODE = YES;
				CLANG_WARN__DUPLICATE_METHOD_MATCH = YES;
				"CODE_SIGN_IDENTITY[sdk=iphoneos*]" = "iPhone Developer";
				COPY_PHASE_STRIP = NO;
				DEBUG_INFORMATION_FORMAT = dwarf;
				ENABLE_STRICT_OBJC_MSGSEND = YES;
				ENABLE_TESTABILITY = YES;
				GCC_C_LANGUAGE_STANDARD = gnu99;
				GCC_DYNAMIC_NO_PIC = NO;
				GCC_NO_COMMON_BLOCKS = YES;
				GCC_OPTIMIZATION_LEVEL = 0;
				GCC_PREPROCESSOR_DEFINITIONS = (
					"DEBUG=1",
					"$(inherited)",
				);
				GCC_WARN_64_TO_32_BIT_CONVERSION = YES;
				GCC_WARN_ABOUT_RETURN_TYPE = YES_ERROR;
				GCC_WARN_UNDECLARED_SELECTOR = YES;
				GCC_WARN_UNINITIALIZED_AUTOS = YES_AGGRESSIVE;
				GCC_WARN_UNUSED_FUNCTION = YES;
				GCC_WARN_UNUSED_VARIABLE = YES;
				IPHONEOS_DEPLOYMENT_TARGET = 10.3;
				MTL_ENABLE_DEBUG_INFO = YES;
				ONLY_ACTIVE_ARCH = YES;
				SDKROOT = iphoneos;
			};
			name = Debug;
		};
		3B697BFE1F53B509007B789E /* Release */ = {
			isa = XCBuildConfiguration;
			buildSettings = {
				ALWAYS_SEARCH_USER_PATHS = NO;
				CLANG_ANALYZER_NONNULL = YES;
				CLANG_ANALYZER_NUMBER_OBJECT_CONVERSION = YES_AGGRESSIVE;
				CLANG_CXX_LANGUAGE_STANDARD = "gnu++0x";
				CLANG_CXX_LIBRARY = "libc++";
				CLANG_ENABLE_MODULES = YES;
				CLANG_ENABLE_OBJC_ARC = YES;
				CLANG_WARN_BOOL_CONVERSION = YES;
				CLANG_WARN_CONSTANT_CONVERSION = YES;
				CLANG_WARN_DIRECT_OBJC_ISA_USAGE = YES_ERROR;
				CLANG_WARN_DOCUMENTATION_COMMENTS = YES;
				CLANG_WARN_EMPTY_BODY = YES;
				CLANG_WARN_ENUM_CONVERSION = YES;
				CLANG_WARN_INFINITE_RECURSION = YES;
				CLANG_WARN_INT_CONVERSION = YES;
				CLANG_WARN_OBJC_ROOT_CLASS = YES_ERROR;
				CLANG_WARN_SUSPICIOUS_MOVE = YES;
				CLANG_WARN_UNREACHABLE_CODE = YES;
				CLANG_WARN__DUPLICATE_METHOD_MATCH = YES;
				"CODE_SIGN_IDENTITY[sdk=iphoneos*]" = "iPhone Developer";
				COPY_PHASE_STRIP = NO;
				DEBUG_INFORMATION_FORMAT = "dwarf-with-dsym";
				ENABLE_NS_ASSERTIONS = NO;
				ENABLE_STRICT_OBJC_MSGSEND = YES;
				GCC_C_LANGUAGE_STANDARD = gnu99;
				GCC_NO_COMMON_BLOCKS = YES;
				GCC_WARN_64_TO_32_BIT_CONVERSION = YES;
				GCC_WARN_ABOUT_RETURN_TYPE = YES_ERROR;
				GCC_WARN_UNDECLARED_SELECTOR = YES;
				GCC_WARN_UNINITIALIZED_AUTOS = YES_AGGRESSIVE;
				GCC_WARN_UNUSED_FUNCTION = YES;
				GCC_WARN_UNUSED_VARIABLE = YES;
				IPHONEOS_DEPLOYMENT_TARGET = 10.3;
				MTL_ENABLE_DEBUG_INFO = NO;
				SDKROOT = iphoneos;
				VALIDATE_PRODUCT = YES;
			};
			name = Release;
		};
		3B697C001F53B509007B789E /* Debug */ = {
			isa = XCBuildConfiguration;
			buildSettings = {
				ASSETCATALOG_COMPILER_APPICON_NAME = AppIcon;
				DEVELOPMENT_TEAM = S8238R3HUC;
				INFOPLIST_FILE = GitTest/Info.plist;
				LD_RUNPATH_SEARCH_PATHS = "$(inherited) @executable_path/Frameworks";
				PRODUCT_BUNDLE_IDENTIFIER = shendong.GitTest;
				PRODUCT_NAME = "$(TARGET_NAME)";
			};
			name = Debug;
		};
		3B697C011F53B509007B789E /* Release */ = {
			isa = XCBuildConfiguration;
			buildSettings = {
				ASSETCATALOG_COMPILER_APPICON_NAME = AppIcon;
				DEVELOPMENT_TEAM = S8238R3HUC;
				INFOPLIST_FILE = GitTest/Info.plist;
				LD_RUNPATH_SEARCH_PATHS = "$(inherited) @executable_path/Frameworks";
				PRODUCT_BUNDLE_IDENTIFIER = shendong.GitTest;
				PRODUCT_NAME = "$(TARGET_NAME)";
			};
			name = Release;
		};
/* End XCBuildConfiguration section */

/* Begin XCConfigurationList section */
		3B697BE31F53B509007B789E /* Build configuration list for PBXProject "GitTest" */ = {
			isa = XCConfigurationList;
			buildConfigurations = (
				3B697BFD1F53B509007B789E /* Debug */,
				3B697BFE1F53B509007B789E /* Release */,
			);
			defaultConfigurationIsVisible = 0;
			defaultConfigurationName = Release;
		};
		3B697BFF1F53B509007B789E /* Build configuration list for PBXNativeTarget "GitTest" */ = {
			isa = XCConfigurationList;
			buildConfigurations = (
				3B697C001F53B509007B789E /* Debug */,
				3B697C011F53B509007B789E /* Release */,
			);
			defaultConfigurationIsVisible = 0;
		};
/* End XCConfigurationList section */
	};
	rootObject = 3B697BE01F53B509007B789E /* Project object */;
}
